// !$*UTF8*$!
{
	archiveVersion = 1;
	classes = {
	};
	objectVersion = 50;
	objects = {

/* Begin PBXBuildFile section */
		9531511D21948B0900A875A6 /* AppDelegate.swift in Sources */ = {isa = PBXBuildFile; fileRef = 9531511C21948B0900A875A6 /* AppDelegate.swift */; };
		9531511F21948B0900A875A6 /* ViewController.swift in Sources */ = {isa = PBXBuildFile; fileRef = 9531511E21948B0900A875A6 /* ViewController.swift */; };
		9531512221948B0900A875A6 /* Main.storyboard in Resources */ = {isa = PBXBuildFile; fileRef = 9531512021948B0900A875A6 /* Main.storyboard */; };
		9531512421948B0D00A875A6 /* Assets.xcassets in Resources */ = {isa = PBXBuildFile; fileRef = 9531512321948B0D00A875A6 /* Assets.xcassets */; };
		9531512721948B0D00A875A6 /* LaunchScreen.storyboard in Resources */ = {isa = PBXBuildFile; fileRef = 9531512521948B0D00A875A6 /* LaunchScreen.storyboard */; };
		9531513221948B0D00A875A6 /* CircleTests.swift in Sources */ = {isa = PBXBuildFile; fileRef = 9531513121948B0D00A875A6 /* CircleTests.swift */; };
		9531513D21948B0D00A875A6 /* CircleUITests.swift in Sources */ = {isa = PBXBuildFile; fileRef = 9531513C21948B0D00A875A6 /* CircleUITests.swift */; };
		9593C5EE2196B3B400E3C4EB /* Circle.swift in Sources */ = {isa = PBXBuildFile; fileRef = 9593C5ED2196B3B400E3C4EB /* Circle.swift */; };
		9593C5F02196B49700E3C4EB /* Color.swift in Sources */ = {isa = PBXBuildFile; fileRef = 9593C5EF2196B49700E3C4EB /* Color.swift */; };
		9593C5F22196B94200E3C4EB /* ViewModel.swift in Sources */ = {isa = PBXBuildFile; fileRef = 9593C5F12196B94200E3C4EB /* ViewModel.swift */; };
/* End PBXBuildFile section */

/* Begin PBXContainerItemProxy section */
		9531512E21948B0D00A875A6 /* PBXContainerItemProxy */ = {
			isa = PBXContainerItemProxy;
			containerPortal = 9531511121948B0900A875A6 /* Project object */;
			proxyType = 1;
			remoteGlobalIDString = 9531511821948B0900A875A6;
			remoteInfo = Circle;
		};
		9531513921948B0D00A875A6 /* PBXContainerItemProxy */ = {
			isa = PBXContainerItemProxy;
			containerPortal = 9531511121948B0900A875A6 /* Project object */;
			proxyType = 1;
			remoteGlobalIDString = 9531511821948B0900A875A6;
			remoteInfo = Circle;
		};
/* End PBXContainerItemProxy section */

/* Begin PBXFileReference section */
		9531511921948B0900A875A6 /* Circle.app */ = {isa = PBXFileReference; explicitFileType = wrapper.application; includeInIndex = 0; path = Circle.app; sourceTree = BUILT_PRODUCTS_DIR; };
		9531511C21948B0900A875A6 /* AppDelegate.swift */ = {isa = PBXFileReference; lastKnownFileType = sourcecode.swift; path = AppDelegate.swift; sourceTree = "<group>"; };
		9531511E21948B0900A875A6 /* ViewController.swift */ = {isa = PBXFileReference; lastKnownFileType = sourcecode.swift; path = ViewController.swift; sourceTree = "<group>"; };
		9531512121948B0900A875A6 /* Base */ = {isa = PBXFileReference; lastKnownFileType = file.storyboard; name = Base; path = Base.lproj/Main.storyboard; sourceTree = "<group>"; };
		9531512321948B0D00A875A6 /* Assets.xcassets */ = {isa = PBXFileReference; lastKnownFileType = folder.assetcatalog; path = Assets.xcassets; sourceTree = "<group>"; };
		9531512621948B0D00A875A6 /* Base */ = {isa = PBXFileReference; lastKnownFileType = file.storyboard; name = Base; path = Base.lproj/LaunchScreen.storyboard; sourceTree = "<group>"; };
		9531512821948B0D00A875A6 /* Info.plist */ = {isa = PBXFileReference; lastKnownFileType = text.plist.xml; path = Info.plist; sourceTree = "<group>"; };
		9531512D21948B0D00A875A6 /* CircleTests.xctest */ = {isa = PBXFileReference; explicitFileType = wrapper.cfbundle; includeInIndex = 0; path = CircleTests.xctest; sourceTree = BUILT_PRODUCTS_DIR; };
		9531513121948B0D00A875A6 /* CircleTests.swift */ = {isa = PBXFileReference; lastKnownFileType = sourcecode.swift; path = CircleTests.swift; sourceTree = "<group>"; };
		9531513321948B0D00A875A6 /* Info.plist */ = {isa = PBXFileReference; lastKnownFileType = text.plist.xml; path = Info.plist; sourceTree = "<group>"; };
		9531513821948B0D00A875A6 /* CircleUITests.xctest */ = {isa = PBXFileReference; explicitFileType = wrapper.cfbundle; includeInIndex = 0; path = CircleUITests.xctest; sourceTree = BUILT_PRODUCTS_DIR; };
		9531513C21948B0D00A875A6 /* CircleUITests.swift */ = {isa = PBXFileReference; lastKnownFileType = sourcecode.swift; path = CircleUITests.swift; sourceTree = "<group>"; };
		9531513E21948B0D00A875A6 /* Info.plist */ = {isa = PBXFileReference; lastKnownFileType = text.plist.xml; path = Info.plist; sourceTree = "<group>"; };
		9593C5ED2196B3B400E3C4EB /* Circle.swift */ = {isa = PBXFileReference; lastKnownFileType = sourcecode.swift; path = Circle.swift; sourceTree = "<group>"; };
		9593C5EF2196B49700E3C4EB /* Color.swift */ = {isa = PBXFileReference; lastKnownFileType = sourcecode.swift; path = Color.swift; sourceTree = "<group>"; };
		9593C5F12196B94200E3C4EB /* ViewModel.swift */ = {isa = PBXFileReference; lastKnownFileType = sourcecode.swift; path = ViewModel.swift; sourceTree = "<group>"; };
/* End PBXFileReference section */

/* Begin PBXFrameworksBuildPhase section */
		9531511621948B0900A875A6 /* Frameworks */ = {
			isa = PBXFrameworksBuildPhase;
			buildActionMask = 2147483647;
			files = (
			);
			runOnlyForDeploymentPostprocessing = 0;
		};
		9531512A21948B0D00A875A6 /* Frameworks */ = {
			isa = PBXFrameworksBuildPhase;
			buildActionMask = 2147483647;
			files = (
			);
			runOnlyForDeploymentPostprocessing = 0;
		};
		9531513521948B0D00A875A6 /* Frameworks */ = {
			isa = PBXFrameworksBuildPhase;
			buildActionMask = 2147483647;
			files = (
			);
			runOnlyForDeploymentPostprocessing = 0;
		};
/* End PBXFrameworksBuildPhase section */

/* Begin PBXGroup section */
		9531511021948B0900A875A6 = {
			isa = PBXGroup;
			children = (
				9531511B21948B0900A875A6 /* Circle */,
				9531513021948B0D00A875A6 /* CircleTests */,
				9531513B21948B0D00A875A6 /* CircleUITests */,
				9531511A21948B0900A875A6 /* Products */,
			);
			sourceTree = "<group>";
		};
		9531511A21948B0900A875A6 /* Products */ = {
			isa = PBXGroup;
			children = (
				9531511921948B0900A875A6 /* Circle.app */,
				9531512D21948B0D00A875A6 /* CircleTests.xctest */,
				9531513821948B0D00A875A6 /* CircleUITests.xctest */,
			);
			name = Products;
			sourceTree = "<group>";
		};
		9531511B21948B0900A875A6 /* Circle */ = {
			isa = PBXGroup;
			children = (
				9593C5F32196CF1800E3C4EB /* Main */,
				9593C5EC2196B35100E3C4EB /* Model */,
				9531511C21948B0900A875A6 /* AppDelegate.swift */,
				9531512321948B0D00A875A6 /* Assets.xcassets */,
				9531512521948B0D00A875A6 /* LaunchScreen.storyboard */,
				9531512821948B0D00A875A6 /* Info.plist */,
			);
			path = Circle;
			sourceTree = "<group>";
		};
		9531513021948B0D00A875A6 /* CircleTests */ = {
			isa = PBXGroup;
			children = (
				9531513121948B0D00A875A6 /* CircleTests.swift */,
				9531513321948B0D00A875A6 /* Info.plist */,
			);
			path = CircleTests;
			sourceTree = "<group>";
		};
		9531513B21948B0D00A875A6 /* CircleUITests */ = {
			isa = PBXGroup;
			children = (
				9531513C21948B0D00A875A6 /* CircleUITests.swift */,
				9531513E21948B0D00A875A6 /* Info.plist */,
			);
			path = CircleUITests;
			sourceTree = "<group>";
		};
		9593C5EC2196B35100E3C4EB /* Model */ = {
			isa = PBXGroup;
			children = (
				9593C5ED2196B3B400E3C4EB /* Circle.swift */,
				9593C5EF2196B49700E3C4EB /* Color.swift */,
			);
			path = Model;
			sourceTree = "<group>";
		};
		9593C5F32196CF1800E3C4EB /* Main */ = {
			isa = PBXGroup;
			children = (
				9531512021948B0900A875A6 /* Main.storyboard */,
				9593C5F12196B94200E3C4EB /* ViewModel.swift */,
				9531511E21948B0900A875A6 /* ViewController.swift */,
			);
			path = Main;
			sourceTree = "<group>";
		};
/* End PBXGroup section */

/* Begin PBXNativeTarget section */
		9531511821948B0900A875A6 /* Circle */ = {
			isa = PBXNativeTarget;
			buildConfigurationList = 9531514121948B0D00A875A6 /* Build configuration list for PBXNativeTarget "Circle" */;
			buildPhases = (
				9531511521948B0900A875A6 /* Sources */,
				9531511621948B0900A875A6 /* Frameworks */,
				9531511721948B0900A875A6 /* Resources */,
			);
			buildRules = (
			);
			dependencies = (
			);
			name = Circle;
			productName = Circle;
			productReference = 9531511921948B0900A875A6 /* Circle.app */;
			productType = "com.apple.product-type.application";
		};
		9531512C21948B0D00A875A6 /* CircleTests */ = {
			isa = PBXNativeTarget;
			buildConfigurationList = 9531514421948B0D00A875A6 /* Build configuration list for PBXNativeTarget "CircleTests" */;
			buildPhases = (
				9531512921948B0D00A875A6 /* Sources */,
				9531512A21948B0D00A875A6 /* Frameworks */,
				9531512B21948B0D00A875A6 /* Resources */,
			);
			buildRules = (
			);
			dependencies = (
				9531512F21948B0D00A875A6 /* PBXTargetDependency */,
			);
			name = CircleTests;
			productName = CircleTests;
			productReference = 9531512D21948B0D00A875A6 /* CircleTests.xctest */;
			productType = "com.apple.product-type.bundle.unit-test";
		};
		9531513721948B0D00A875A6 /* CircleUITests */ = {
			isa = PBXNativeTarget;
			buildConfigurationList = 9531514721948B0D00A875A6 /* Build configuration list for PBXNativeTarget "CircleUITests" */;
			buildPhases = (
				9531513421948B0D00A875A6 /* Sources */,
				9531513521948B0D00A875A6 /* Frameworks */,
				9531513621948B0D00A875A6 /* Resources */,
			);
			buildRules = (
			);
			dependencies = (
				9531513A21948B0D00A875A6 /* PBXTargetDependency */,
			);
			name = CircleUITests;
			productName = CircleUITests;
			productReference = 9531513821948B0D00A875A6 /* CircleUITests.xctest */;
			productType = "com.apple.product-type.bundle.ui-testing";
		};
/* End PBXNativeTarget section */

/* Begin PBXProject section */
		9531511121948B0900A875A6 /* Project object */ = {
			isa = PBXProject;
			attributes = {
				LastSwiftUpdateCheck = 1010;
				LastUpgradeCheck = 1010;
				ORGANIZATIONNAME = "Roman Levinzon";
				TargetAttributes = {
					9531511821948B0900A875A6 = {
						CreatedOnToolsVersion = 10.1;
					};
					9531512C21948B0D00A875A6 = {
						CreatedOnToolsVersion = 10.1;
						TestTargetID = 9531511821948B0900A875A6;
					};
					9531513721948B0D00A875A6 = {
						CreatedOnToolsVersion = 10.1;
						TestTargetID = 9531511821948B0900A875A6;
					};
				};
			};
			buildConfigurationList = 9531511421948B0900A875A6 /* Build configuration list for PBXProject "Circle" */;
			compatibilityVersion = "Xcode 9.3";
			developmentRegion = en;
			hasScannedForEncodings = 0;
			knownRegions = (
				en,
				Base,
			);
			mainGroup = 9531511021948B0900A875A6;
			productRefGroup = 9531511A21948B0900A875A6 /* Products */;
			projectDirPath = "";
			projectRoot = "";
			targets = (
				9531511821948B0900A875A6 /* Circle */,
				9531512C21948B0D00A875A6 /* CircleTests */,
				9531513721948B0D00A875A6 /* CircleUITests */,
			);
		};
/* End PBXProject section */

/* Begin PBXResourcesBuildPhase section */
		9531511721948B0900A875A6 /* Resources */ = {
			isa = PBXResourcesBuildPhase;
			buildActionMask = 2147483647;
			files = (
				9531512721948B0D00A875A6 /* LaunchScreen.storyboard in Resources */,
				9531512421948B0D00A875A6 /* Assets.xcassets in Resources */,
				9531512221948B0900A875A6 /* Main.storyboard in Resources */,
			);
			runOnlyForDeploymentPostprocessing = 0;
		};
		9531512B21948B0D00A875A6 /* Resources */ = {
			isa = PBXResourcesBuildPhase;
			buildActionMask = 2147483647;
			files = (
			);
			runOnlyForDeploymentPostprocessing = 0;
		};
		9531513621948B0D00A875A6 /* Resources */ = {
			isa = PBXResourcesBuildPhase;
			buildActionMask = 2147483647;
			files = (
			);
			runOnlyForDeploymentPostprocessing = 0;
		};
/* End PBXResourcesBuildPhase section */

/* Begin PBXSourcesBuildPhase section */
		9531511521948B0900A875A6 /* Sources */ = {
			isa = PBXSourcesBuildPhase;
			buildActionMask = 2147483647;
			files = (
				9593C5F22196B94200E3C4EB /* ViewModel.swift in Sources */,
				9531511F21948B0900A875A6 /* ViewController.swift in Sources */,
				9593C5F02196B49700E3C4EB /* Color.swift in Sources */,
				9531511D21948B0900A875A6 /* AppDelegate.swift in Sources */,
				9593C5EE2196B3B400E3C4EB /* Circle.swift in Sources */,
			);
			runOnlyForDeploymentPostprocessing = 0;
		};
		9531512921948B0D00A875A6 /* Sources */ = {
			isa = PBXSourcesBuildPhase;
			buildActionMask = 2147483647;
			files = (
				9531513221948B0D00A875A6 /* CircleTests.swift in Sources */,
			);
			runOnlyForDeploymentPostprocessing = 0;
		};
		9531513421948B0D00A875A6 /* Sources */ = {
			isa = PBXSourcesBuildPhase;
			buildActionMask = 2147483647;
			files = (
				9531513D21948B0D00A875A6 /* CircleUITests.swift in Sources */,
			);
			runOnlyForDeploymentPostprocessing = 0;
		};
/* End PBXSourcesBuildPhase section */

/* Begin PBXTargetDependency section */
		9531512F21948B0D00A875A6 /* PBXTargetDependency */ = {
			isa = PBXTargetDependency;
			target = 9531511821948B0900A875A6 /* Circle */;
			targetProxy = 9531512E21948B0D00A875A6 /* PBXContainerItemProxy */;
		};
		9531513A21948B0D00A875A6 /* PBXTargetDependency */ = {
			isa = PBXTargetDependency;
			target = 9531511821948B0900A875A6 /* Circle */;
			targetProxy = 9531513921948B0D00A875A6 /* PBXContainerItemProxy */;
		};
/* End PBXTargetDependency section */

/* Begin PBXVariantGroup section */
		9531512021948B0900A875A6 /* Main.storyboard */ = {
			isa = PBXVariantGroup;
			children = (
				9531512121948B0900A875A6 /* Base */,
			);
			name = Main.storyboard;
			sourceTree = "<group>";
		};
		9531512521948B0D00A875A6 /* LaunchScreen.storyboard */ = {
			isa = PBXVariantGroup;
			children = (
				9531512621948B0D00A875A6 /* Base */,
			);
			name = LaunchScreen.storyboard;
			sourceTree = "<group>";
		};
/* End PBXVariantGroup section */

/* Begin XCBuildConfiguration section */
		9531513F21948B0D00A875A6 /* Debug */ = {
			isa = XCBuildConfiguration;
			buildSettings = {
				ALWAYS_SEARCH_USER_PATHS = NO;
				CLANG_ANALYZER_NONNULL = YES;
				CLANG_ANALYZER_NUMBER_OBJECT_CONVERSION = YES_AGGRESSIVE;
				CLANG_CXX_LANGUAGE_STANDARD = "gnu++14";
				CLANG_CXX_LIBRARY = "libc++";
				CLANG_ENABLE_MODULES = YES;
				CLANG_ENABLE_OBJC_ARC = YES;
				CLANG_ENABLE_OBJC_WEAK = YES;
				CLANG_WARN_BLOCK_CAPTURE_AUTORELEASING = YES;
				CLANG_WARN_BOOL_CONVERSION = YES;
				CLANG_WARN_COMMA = YES;
				CLANG_WARN_CONSTANT_CONVERSION = YES;
				CLANG_WARN_DEPRECATED_OBJC_IMPLEMENTATIONS = YES;
				CLANG_WARN_DIRECT_OBJC_ISA_USAGE = YES_ERROR;
				CLANG_WARN_DOCUMENTATION_COMMENTS = YES;
				CLANG_WARN_EMPTY_BODY = YES;
				CLANG_WARN_ENUM_CONVERSION = YES;
				CLANG_WARN_INFINITE_RECURSION = YES;
				CLANG_WARN_INT_CONVERSION = YES;
				CLANG_WARN_NON_LITERAL_NULL_CONVERSION = YES;
				CLANG_WARN_OBJC_IMPLICIT_RETAIN_SELF = YES;
				CLANG_WARN_OBJC_LITERAL_CONVERSION = YES;
				CLANG_WARN_OBJC_ROOT_CLASS = YES_ERROR;
				CLANG_WARN_RANGE_LOOP_ANALYSIS = YES;
				CLANG_WARN_STRICT_PROTOTYPES = YES;
				CLANG_WARN_SUSPICIOUS_MOVE = YES;
				CLANG_WARN_UNGUARDED_AVAILABILITY = YES_AGGRESSIVE;
				CLANG_WARN_UNREACHABLE_CODE = YES;
				CLANG_WARN__DUPLICATE_METHOD_MATCH = YES;
				CODE_SIGN_IDENTITY = "iPhone Developer";
				COPY_PHASE_STRIP = NO;
				DEBUG_INFORMATION_FORMAT = dwarf;
				ENABLE_STRICT_OBJC_MSGSEND = YES;
				ENABLE_TESTABILITY = YES;
				GCC_C_LANGUAGE_STANDARD = gnu11;
				GCC_DYNAMIC_NO_PIC = NO;
				GCC_NO_COMMON_BLOCKS = YES;
				GCC_OPTIMIZATION_LEVEL = 0;
				GCC_PREPROCESSOR_DEFINITIONS = (
					"DEBUG=1",
					"$(inherited)",
				);
				GCC_WARN_64_TO_32_BIT_CONVERSION = YES;
				GCC_WARN_ABOUT_RETURN_TYPE = YES_ERROR;
				GCC_WARN_UNDECLARED_SELECTOR = YES;
				GCC_WARN_UNINITIALIZED_AUTOS = YES_AGGRESSIVE;
				GCC_WARN_UNUSED_FUNCTION = YES;
				GCC_WARN_UNUSED_VARIABLE = YES;
				IPHONEOS_DEPLOYMENT_TARGET = 12.1;
				MTL_ENABLE_DEBUG_INFO = INCLUDE_SOURCE;
				MTL_FAST_MATH = YES;
				ONLY_ACTIVE_ARCH = YES;
				SDKROOT = iphoneos;
				SWIFT_ACTIVE_COMPILATION_CONDITIONS = DEBUG;
				SWIFT_OPTIMIZATION_LEVEL = "-Onone";
			};
			name = Debug;
		};
		9531514021948B0D00A875A6 /* Release */ = {
			isa = XCBuildConfiguration;
			buildSettings = {
				ALWAYS_SEARCH_USER_PATHS = NO;
				CLANG_ANALYZER_NONNULL = YES;
				CLANG_ANALYZER_NUMBER_OBJECT_CONVERSION = YES_AGGRESSIVE;
				CLANG_CXX_LANGUAGE_STANDARD = "gnu++14";
				CLANG_CXX_LIBRARY = "libc++";
				CLANG_ENABLE_MODULES = YES;
				CLANG_ENABLE_OBJC_ARC = YES;
				CLANG_ENABLE_OBJC_WEAK = YES;
				CLANG_WARN_BLOCK_CAPTURE_AUTORELEASING = YES;
				CLANG_WARN_BOOL_CONVERSION = YES;
				CLANG_WARN_COMMA = YES;
				CLANG_WARN_CONSTANT_CONVERSION = YES;
				CLANG_WARN_DEPRECATED_OBJC_IMPLEMENTATIONS = YES;
				CLANG_WARN_DIRECT_OBJC_ISA_USAGE = YES_ERROR;
				CLANG_WARN_DOCUMENTATION_COMMENTS = YES;
				CLANG_WARN_EMPTY_BODY = YES;
				CLANG_WARN_ENUM_CONVERSION = YES;
				CLANG_WARN_INFINITE_RECURSION = YES;
				CLANG_WARN_INT_CONVERSION = YES;
				CLANG_WARN_NON_LITERAL_NULL_CONVERSION = YES;
				CLANG_WARN_OBJC_IMPLICIT_RETAIN_SELF = YES;
				CLANG_WARN_OBJC_LITERAL_CONVERSION = YES;
				CLANG_WARN_OBJC_ROOT_CLASS = YES_ERROR;
				CLANG_WARN_RANGE_LOOP_ANALYSIS = YES;
				CLANG_WARN_STRICT_PROTOTYPES = YES;
				CLANG_WARN_SUSPICIOUS_MOVE = YES;
				CLANG_WARN_UNGUARDED_AVAILABILITY = YES_AGGRESSIVE;
				CLANG_WARN_UNREACHABLE_CODE = YES;
				CLANG_WARN__DUPLICATE_METHOD_MATCH = YES;
				CODE_SIGN_IDENTITY = "iPhone Developer";
				COPY_PHASE_STRIP = NO;
				DEBUG_INFORMATION_FORMAT = "dwarf-with-dsym";
				ENABLE_NS_ASSERTIONS = NO;
				ENABLE_STRICT_OBJC_MSGSEND = YES;
				GCC_C_LANGUAGE_STANDARD = gnu11;
				GCC_NO_COMMON_BLOCKS = YES;
				GCC_WARN_64_TO_32_BIT_CONVERSION = YES;
				GCC_WARN_ABOUT_RETURN_TYPE = YES_ERROR;
				GCC_WARN_UNDECLARED_SELECTOR = YES;
				GCC_WARN_UNINITIALIZED_AUTOS = YES_AGGRESSIVE;
				GCC_WARN_UNUSED_FUNCTION = YES;
				GCC_WARN_UNUSED_VARIABLE = YES;
				IPHONEOS_DEPLOYMENT_TARGET = 12.1;
				MTL_ENABLE_DEBUG_INFO = NO;
				MTL_FAST_MATH = YES;
				SDKROOT = iphoneos;
				SWIFT_COMPILATION_MODE = wholemodule;
				SWIFT_OPTIMIZATION_LEVEL = "-O";
				VALIDATE_PRODUCT = YES;
			};
			name = Release;
		};
		9531514221948B0D00A875A6 /* Debug */ = {
			isa = XCBuildConfiguration;
			buildSettings = {
				ASSETCATALOG_COMPILER_APPICON_NAME = AppIcon;
				CODE_SIGN_STYLE = Automatic;
				INFOPLIST_FILE = Circle/Info.plist;
				LD_RUNPATH_SEARCH_PATHS = (
					"$(inherited)",
					"@executable_path/Frameworks",
				);
				PRODUCT_BUNDLE_IDENTIFIER = cz.levinzonr.circle.Circle;
				PRODUCT_NAME = "$(TARGET_NAME)";
				SWIFT_VERSION = 4.2;
				TARGETED_DEVICE_FAMILY = "1,2";
			};
			name = Debug;
		};
		9531514321948B0D00A875A6 /* Release */ = {
			isa = XCBuildConfiguration;
			buildSettings = {
				ASSETCATALOG_COMPILER_APPICON_NAME = AppIcon;
				CODE_SIGN_STYLE = Automatic;
				INFOPLIST_FILE = Circle/Info.plist;
				LD_RUNPATH_SEARCH_PATHS = (
					"$(inherited)",
					"@executable_path/Frameworks",
				);
				PRODUCT_BUNDLE_IDENTIFIER = cz.levinzonr.circle.Circle;
				PRODUCT_NAME = "$(TARGET_NAME)";
				SWIFT_VERSION = 4.2;
				TARGETED_DEVICE_FAMILY = "1,2";
			};
			name = Release;
		};
		9531514521948B0D00A875A6 /* Debug */ = {
			isa = XCBuildConfiguration;
			buildSettings = {
				ALWAYS_EMBED_SWIFT_STANDARD_LIBRARIES = YES;
				BUNDLE_LOADER = "$(TEST_HOST)";
				CODE_SIGN_STYLE = Automatic;
				INFOPLIST_FILE = CircleTests/Info.plist;
				LD_RUNPATH_SEARCH_PATHS = (
					"$(inherited)",
					"@executable_path/Frameworks",
					"@loader_path/Frameworks",
				);
				PRODUCT_BUNDLE_IDENTIFIER = cz.levinzonr.circle.CircleTests;
				PRODUCT_NAME = "$(TARGET_NAME)";
				SWIFT_VERSION = 4.2;
				TARGETED_DEVICE_FAMILY = "1,2";
				TEST_HOST = "$(BUILT_PRODUCTS_DIR)/Circle.app/Circle";
			};
			name = Debug;
		};
		9531514621948B0D00A875A6 /* Release */ = {
			isa = XCBuildConfiguration;
			buildSettings = {
				ALWAYS_EMBED_SWIFT_STANDARD_LIBRARIES = YES;
				BUNDLE_LOADER = "$(TEST_HOST)";
				CODE_SIGN_STYLE = Automatic;
				INFOPLIST_FILE = CircleTests/Info.plist;
				LD_RUNPATH_SEARCH_PATHS = (
					"$(inherited)",
					"@executable_path/Frameworks",
					"@loader_path/Frameworks",
				);
				PRODUCT_BUNDLE_IDENTIFIER = cz.levinzonr.circle.CircleTests;
				PRODUCT_NAME = "$(TARGET_NAME)";
				SWIFT_VERSION = 4.2;
				TARGETED_DEVICE_FAMILY = "1,2";
				TEST_HOST = "$(BUILT_PRODUCTS_DIR)/Circle.app/Circle";
			};
			name = Release;
		};
		9531514821948B0D00A875A6 /* Debug */ = {
			isa = XCBuildConfiguration;
			buildSettings = {
				ALWAYS_EMBED_SWIFT_STANDARD_LIBRARIES = YES;
				CODE_SIGN_STYLE = Automatic;
				INFOPLIST_FILE = CircleUITests/Info.plist;
				LD_RUNPATH_SEARCH_PATHS = (
					"$(inherited)",
					"@executable_path/Frameworks",
					"@loader_path/Frameworks",
				);
				PRODUCT_BUNDLE_IDENTIFIER = cz.levinzonr.circle.CircleUITests;
				PRODUCT_NAME = "$(TARGET_NAME)";
				SWIFT_VERSION = 4.2;
				TARGETED_DEVICE_FAMILY = "1,2";
				TEST_TARGET_NAME = Circle;
			};
			name = Debug;
		};
		9531514921948B0D00A875A6 /* Release */ = {
			isa = XCBuildConfiguration;
			buildSettings = {
				ALWAYS_EMBED_SWIFT_STANDARD_LIBRARIES = YES;
				CODE_SIGN_STYLE = Automatic;
				INFOPLIST_FILE = CircleUITests/Info.plist;
				LD_RUNPATH_SEARCH_PATHS = (
					"$(inherited)",
					"@executable_path/Frameworks",
					"@loader_path/Frameworks",
				);
				PRODUCT_BUNDLE_IDENTIFIER = cz.levinzonr.circle.CircleUITests;
				PRODUCT_NAME = "$(TARGET_NAME)";
				SWIFT_VERSION = 4.2;
				TARGETED_DEVICE_FAMILY = "1,2";
				TEST_TARGET_NAME = Circle;
			};
			name = Release;
		};
/* End XCBuildConfiguration section */

/* Begin XCConfigurationList section */
		9531511421948B0900A875A6 /* Build configuration list for PBXProject "Circle" */ = {
			isa = XCConfigurationList;
			buildConfigurations = (
				9531513F21948B0D00A875A6 /* Debug */,
				9531514021948B0D00A875A6 /* Release */,
			);
			defaultConfigurationIsVisible = 0;
			defaultConfigurationName = Release;
		};
		9531514121948B0D00A875A6 /* Build configuration list for PBXNativeTarget "Circle" */ = {
			isa = XCConfigurationList;
			buildConfigurations = (
				9531514221948B0D00A875A6 /* Debug */,
				9531514321948B0D00A875A6 /* Release */,
			);
			defaultConfigurationIsVisible = 0;
			defaultConfigurationName = Release;
		};
		9531514421948B0D00A875A6 /* Build configuration list for PBXNativeTarget "CircleTests" */ = {
			isa = XCConfigurationList;
			buildConfigurations = (
				9531514521948B0D00A875A6 /* Debug */,
				9531514621948B0D00A875A6 /* Release */,
			);
			defaultConfigurationIsVisible = 0;
			defaultConfigurationName = Release;
		};
		9531514721948B0D00A875A6 /* Build configuration list for PBXNativeTarget "CircleUITests" */ = {
			isa = XCConfigurationList;
			buildConfigurations = (
				9531514821948B0D00A875A6 /* Debug */,
				9531514921948B0D00A875A6 /* Release */,
			);
			defaultConfigurationIsVisible = 0;
			defaultConfigurationName = Release;
		};
/* End XCConfigurationList section */
	};
	rootObject = 9531511121948B0900A875A6 /* Project object */;
}
